
Microsoft Visual Studio Solution File, Format Version 12.00
# Visual Studio Version 16
VisualStudioVersion = 16.0.28922.388
MinimumVisualStudioVersion = 10.0.40219.1
Project("{9A19103F-16F7-4668-BE54-9A1E7A4F7556}") = "BHHCSampleApi", "BHHCSampleApi\BHHCSampleApi.csproj", "{CD593A12-09F7-44CE-80D0-3662BC400B33}"
EndProject
Project("{FAE04EC0-301F-11D3-BF4B-00C04F79EFBC}") = "NUnitTestBHHCSampleApi", "NUnitTestProject2\NUnitTestBHHCSampleApi.csproj", "{F6B10EBB-B7BA-4982-A942-E2B121AAC4F7}"
EndProject
Global
	GlobalSection(SolutionConfigurationPlatforms) = preSolution
		Debug|Any CPU = Debug|Any CPU
		Release|Any CPU = Release|Any CPU
	EndGlobalSection
	GlobalSection(ProjectConfigurationPlatforms) = postSolution
		{CD593A12-09F7-44CE-80D0-3662BC400B33}.Debug|Any CPU.ActiveCfg = Debug|Any CPU
		{CD593A12-09F7-44CE-80D0-3662BC400B33}.Debug|Any CPU.Build.0 = Debug|Any CPU
		{CD593A12-09F7-44CE-80D0-3662BC400B33}.Release|Any CPU.ActiveCfg = Release|Any CPU
		{CD593A12-09F7-44CE-80D0-3662BC400B33}.Release|Any CPU.Build.0 = Release|Any CPU
		{F6B10EBB-B7BA-4982-A942-E2B121AAC4F7}.Debug|Any CPU.ActiveCfg = Debug|Any CPU
		{F6B10EBB-B7BA-4982-A942-E2B121AAC4F7}.Debug|Any CPU.Build.0 = Debug|Any CPU
		{F6B10EBB-B7BA-4982-A942-E2B121AAC4F7}.Release|Any CPU.ActiveCfg = Release|Any CPU
		{F6B10EBB-B7BA-4982-A942-E2B121AAC4F7}.Release|Any CPU.Build.0 = Release|Any CPU
	EndGlobalSection
	GlobalSection(SolutionProperties) = preSolution
		HideSolutionNode = FALSE
	EndGlobalSection
	GlobalSection(ExtensibilityGlobals) = postSolution
		SolutionGuid = {CC4658E4-0BF2-45F7-A958-619582CA219C}
	EndGlobalSection
EndGlobal
